// !$*UTF8*$!
{
	archiveVersion = 1;
	classes = {
	};
	objectVersion = 45;
	objects = {

/* Begin PBXBuildFile section */
		32D94FC80562CBF700B6AF17 /* InfoPlist.strings in Resources */ = {isa = PBXBuildFile; fileRef = 089C167DFE841241C02AAC07 /* InfoPlist.strings */; };
		9C9B60221308CC8E00B20F72 /* HW.h in Headers */ = {isa = PBXBuildFile; fileRef = 9C9B60211308CC8E00B20F72 /* HW.h */; };
		9C9B60241308CC9E00B20F72 /* PHY.cpp in Sources */ = {isa = PBXBuildFile; fileRef = 9C9B60231308CC9E00B20F72 /* PHY.cpp */; };
		9C9B60261308CCA800B20F72 /* PHY.h in Headers */ = {isa = PBXBuildFile; fileRef = 9C9B60251308CCA800B20F72 /* PHY.h */; };
		9C9B60291308CCB600B20F72 /* PM.cpp in Sources */ = {isa = PBXBuildFile; fileRef = 9C9B60271308CCB600B20F72 /* PM.cpp */; };
		9C9B602A1308CCB600B20F72 /* Register.h in Headers */ = {isa = PBXBuildFile; fileRef = 9C9B60281308CCB600B20F72 /* Register.h */; };
		9C9B602F1308CCDB00B20F72 /* BCM5722D.cpp in Sources */ = {isa = PBXBuildFile; fileRef = 9C9B602B1308CCDB00B20F72 /* BCM5722D.cpp */; };
		9C9B60301308CCDB00B20F72 /* BCM5722D.h in Headers */ = {isa = PBXBuildFile; fileRef = 9C9B602C1308CCDB00B20F72 /* BCM5722D.h */; };
		9C9B60311308CCDB00B20F72 /* Common.h in Headers */ = {isa = PBXBuildFile; fileRef = 9C9B602D1308CCDB00B20F72 /* Common.h */; };
		9C9B60321308CCDB00B20F72 /* Private.cpp in Sources */ = {isa = PBXBuildFile; fileRef = 9C9B602E1308CCDB00B20F72 /* Private.cpp */; };
/* End PBXBuildFile section */

/* Begin PBXFileReference section */
		089C167EFE841241C02AAC07 /* English */ = {isa = PBXFileReference; fileEncoding = 4; lastKnownFileType = text.plist.strings; name = English; path = English.lproj/InfoPlist.strings; sourceTree = "<group>"; };
		32D94FCF0562CBF700B6AF17 /* Info.plist */ = {isa = PBXFileReference; lastKnownFileType = text.plist.xml; path = Info.plist; sourceTree = "<group>"; };
		32D94FD00562CBF700B6AF17 /* BCM5722D.kext */ = {isa = PBXFileReference; explicitFileType = wrapper.cfbundle; includeInIndex = 0; path = BCM5722D.kext; sourceTree = BUILT_PRODUCTS_DIR; };
		8DA8362C06AD9B9200E5AC22 /* Kernel.framework */ = {isa = PBXFileReference; lastKnownFileType = wrapper.framework; name = Kernel.framework; path = /System/Library/Frameworks/Kernel.framework; sourceTree = "<absolute>"; };
		9C9B60211308CC8E00B20F72 /* HW.h */ = {isa = PBXFileReference; fileEncoding = 4; lastKnownFileType = sourcecode.c.h; path = HW.h; sourceTree = "<group>"; };
		9C9B60231308CC9E00B20F72 /* PHY.cpp */ = {isa = PBXFileReference; fileEncoding = 4; lastKnownFileType = sourcecode.cpp.cpp; path = PHY.cpp; sourceTree = "<group>"; };
		9C9B60251308CCA800B20F72 /* PHY.h */ = {isa = PBXFileReference; fileEncoding = 4; lastKnownFileType = sourcecode.c.h; path = PHY.h; sourceTree = "<group>"; };
		9C9B60271308CCB600B20F72 /* PM.cpp */ = {isa = PBXFileReference; fileEncoding = 4; lastKnownFileType = sourcecode.cpp.cpp; path = PM.cpp; sourceTree = "<group>"; };
		9C9B60281308CCB600B20F72 /* Register.h */ = {isa = PBXFileReference; fileEncoding = 4; lastKnownFileType = sourcecode.c.h; path = Register.h; sourceTree = "<group>"; };
		9C9B602B1308CCDB00B20F72 /* BCM5722D.cpp */ = {isa = PBXFileReference; fileEncoding = 4; lastKnownFileType = sourcecode.cpp.cpp; path = BCM5722D.cpp; sourceTree = "<group>"; };
		9C9B602C1308CCDB00B20F72 /* BCM5722D.h */ = {isa = PBXFileReference; fileEncoding = 4; lastKnownFileType = sourcecode.c.h; path = BCM5722D.h; sourceTree = "<group>"; };
		9C9B602D1308CCDB00B20F72 /* Common.h */ = {isa = PBXFileReference; fileEncoding = 4; lastKnownFileType = sourcecode.c.h; path = Common.h; sourceTree = "<group>"; };
		9C9B602E1308CCDB00B20F72 /* Private.cpp */ = {isa = PBXFileReference; fileEncoding = 4; lastKnownFileType = sourcecode.cpp.cpp; path = Private.cpp; sourceTree = "<group>"; };
/* End PBXFileReference section */

/* Begin PBXFrameworksBuildPhase section */
		32D94FCB0562CBF700B6AF17 /* Frameworks */ = {
			isa = PBXFrameworksBuildPhase;
			buildActionMask = 2147483647;
			files = (
			);
			runOnlyForDeploymentPostprocessing = 0;
		};
/* End PBXFrameworksBuildPhase section */

/* Begin PBXGroup section */
		089C166AFE841209C02AAC07 /* BCM5722D */ = {
			isa = PBXGroup;
			children = (
				247142CAFF3F8F9811CA285C /* Source */,
				8DA8362C06AD9B9200E5AC22 /* Kernel.framework */,
				089C167CFE841241C02AAC07 /* Resources */,
				19C28FB6FE9D52B211CA2CBB /* Products */,
			);
			name = BCM5722D;
			sourceTree = "<group>";
		};
		089C167CFE841241C02AAC07 /* Resources */ = {
			isa = PBXGroup;
			children = (
				32D94FCF0562CBF700B6AF17 /* Info.plist */,
				089C167DFE841241C02AAC07 /* InfoPlist.strings */,
			);
			name = Resources;
			sourceTree = "<group>";
		};
		19C28FB6FE9D52B211CA2CBB /* Products */ = {
			isa = PBXGroup;
			children = (
				32D94FD00562CBF700B6AF17 /* BCM5722D.kext */,
			);
			name = Products;
			sourceTree = "<group>";
		};
		247142CAFF3F8F9811CA285C /* Source */ = {
			isa = PBXGroup;
			children = (
				9C9B602B1308CCDB00B20F72 /* BCM5722D.cpp */,
				9C9B602C1308CCDB00B20F72 /* BCM5722D.h */,
				9C9B602D1308CCDB00B20F72 /* Common.h */,
				9C9B602E1308CCDB00B20F72 /* Private.cpp */,
				9C9B60271308CCB600B20F72 /* PM.cpp */,
				9C9B60281308CCB600B20F72 /* Register.h */,
				9C9B60251308CCA800B20F72 /* PHY.h */,
				9C9B60231308CC9E00B20F72 /* PHY.cpp */,
				9C9B60211308CC8E00B20F72 /* HW.h */,
			);
			name = Source;
			sourceTree = "<group>";
		};
/* End PBXGroup section */

/* Begin PBXHeadersBuildPhase section */
		32D94FC50562CBF700B6AF17 /* Headers */ = {
			isa = PBXHeadersBuildPhase;
			buildActionMask = 2147483647;
			files = (
				9C9B60221308CC8E00B20F72 /* HW.h in Headers */,
				9C9B60261308CCA800B20F72 /* PHY.h in Headers */,
				9C9B602A1308CCB600B20F72 /* Register.h in Headers */,
				9C9B60301308CCDB00B20F72 /* BCM5722D.h in Headers */,
				9C9B60311308CCDB00B20F72 /* Common.h in Headers */,
			);
			runOnlyForDeploymentPostprocessing = 0;
		};
/* End PBXHeadersBuildPhase section */

/* Begin PBXNativeTarget section */
		32D94FC30562CBF700B6AF17 /* BCM5722D */ = {
			isa = PBXNativeTarget;
			buildConfigurationList = 1DEB91D908733DB10010E9CD /* Build configuration list for PBXNativeTarget "BCM5722D" */;
			buildPhases = (
				32D94FC50562CBF700B6AF17 /* Headers */,
				32D94FC70562CBF700B6AF17 /* Resources */,
				32D94FC90562CBF700B6AF17 /* Sources */,
				32D94FCB0562CBF700B6AF17 /* Frameworks */,
				32D94FCC0562CBF700B6AF17 /* Rez */,
			);
			buildRules = (
			);
			dependencies = (
			);
			name = BCM5722D;
			productInstallPath = "$(SYSTEM_LIBRARY_DIR)/Extensions";
			productName = BCM5722D;
			productReference = 32D94FD00562CBF700B6AF17 /* BCM5722D.kext */;
			productType = "com.apple.product-type.kernel-extension.iokit";
		};
/* End PBXNativeTarget section */

/* Begin PBXProject section */
		089C1669FE841209C02AAC07 /* Project object */ = {
			isa = PBXProject;
			buildConfigurationList = 1DEB91DD08733DB10010E9CD /* Build configuration list for PBXProject "BCM5722D" */;
			compatibilityVersion = "Xcode 3.1";
			developmentRegion = English;
			hasScannedForEncodings = 1;
			knownRegions = (
				English,
				Japanese,
				French,
				German,
			);
			mainGroup = 089C166AFE841209C02AAC07 /* BCM5722D */;
			projectDirPath = "";
			projectRoot = "";
			targets = (
				32D94FC30562CBF700B6AF17 /* BCM5722D */,
			);
		};
/* End PBXProject section */

/* Begin PBXResourcesBuildPhase section */
		32D94FC70562CBF700B6AF17 /* Resources */ = {
			isa = PBXResourcesBuildPhase;
			buildActionMask = 2147483647;
			files = (
				32D94FC80562CBF700B6AF17 /* InfoPlist.strings in Resources */,
			);
			runOnlyForDeploymentPostprocessing = 0;
		};
/* End PBXResourcesBuildPhase section */

/* Begin PBXRezBuildPhase section */
		32D94FCC0562CBF700B6AF17 /* Rez */ = {
			isa = PBXRezBuildPhase;
			buildActionMask = 2147483647;
			files = (
			);
			runOnlyForDeploymentPostprocessing = 0;
		};
/* End PBXRezBuildPhase section */

/* Begin PBXSourcesBuildPhase section */
		32D94FC90562CBF700B6AF17 /* Sources */ = {
			isa = PBXSourcesBuildPhase;
			buildActionMask = 2147483647;
			files = (
				9C9B60241308CC9E00B20F72 /* PHY.cpp in Sources */,
				9C9B60291308CCB600B20F72 /* PM.cpp in Sources */,
				9C9B602F1308CCDB00B20F72 /* BCM5722D.cpp in Sources */,
				9C9B60321308CCDB00B20F72 /* Private.cpp in Sources */,
			);
			runOnlyForDeploymentPostprocessing = 0;
		};
/* End PBXSourcesBuildPhase section */

/* Begin PBXVariantGroup section */
		089C167DFE841241C02AAC07 /* InfoPlist.strings */ = {
			isa = PBXVariantGroup;
			children = (
				089C167EFE841241C02AAC07 /* English */,
			);
			name = InfoPlist.strings;
			sourceTree = "<group>";
		};
/* End PBXVariantGroup section */

/* Begin XCBuildConfiguration section */
		1DEB91DA08733DB10010E9CD /* Debug */ = {
			isa = XCBuildConfiguration;
			buildSettings = {
				ALWAYS_SEARCH_USER_PATHS = NO;
				COPY_PHASE_STRIP = NO;
				CURRENT_PROJECT_VERSION = 1.0.0b1;
				DEBUG_INFORMATION_FORMAT = "dwarf-with-dsym";
				GCC_DYNAMIC_NO_PIC = NO;
				GCC_MODEL_TUNING = "";
				GCC_OPTIMIZATION_LEVEL = 0;
				GCC_PREPROCESSOR_DEFINITIONS = _DEBUG;
				GCC_WARN_64_TO_32_BIT_CONVERSION = YES;
				GCC_WARN_MISSING_PARENTHESES = YES;
				INFOPLIST_FILE = Info.plist;
				INSTALL_PATH = "$(SYSTEM_LIBRARY_DIR)/Extensions";
				MODULE_NAME = my.name.adlan.BCM5722D;
				MODULE_VERSION = 1.0.0b1;
				ONLY_ACTIVE_ARCH = NO;
				PRODUCT_NAME = BCM5722D;
				VALID_ARCHS = "i386 x86_64";
				WRAPPER_EXTENSION = kext;
			};
			name = Debug;
		};
		1DEB91DB08733DB10010E9CD /* Release */ = {
			isa = XCBuildConfiguration;
			buildSettings = {
				ALWAYS_SEARCH_USER_PATHS = NO;
				CURRENT_PROJECT_VERSION = 1.0.0b1;
				DEBUG_INFORMATION_FORMAT = "dwarf-with-dsym";
				GCC_MODEL_TUNING = "";
				GCC_PREPROCESSOR_DEFINITIONS = _RELEASE;
				GCC_WARN_64_TO_32_BIT_CONVERSION = YES;
				GCC_WARN_MISSING_PARENTHESES = YES;
				INFOPLIST_FILE = Info.plist;
				INSTALL_PATH = "$(SYSTEM_LIBRARY_DIR)/Extensions";
				MODULE_NAME = my.name.adlan.BCM5722D;
				MODULE_VERSION = 1.0.0b1;
				PRODUCT_NAME = BCM5722D;
				VALID_ARCHS = "i386 x86_64";
				WRAPPER_EXTENSION = kext;
			};
			name = Release;
		};
		1DEB91DE08733DB10010E9CD /* Debug */ = {
			isa = XCBuildConfiguration;
			buildSettings = {
				ARCHS = "$(ARCHS_STANDARD_32_64_BIT)";
				GCC_C_LANGUAGE_STANDARD = gnu99;
				GCC_OPTIMIZATION_LEVEL = 0;
				GCC_WARN_ABOUT_RETURN_TYPE = YES;
				GCC_WARN_UNUSED_VARIABLE = YES;
				ONLY_ACTIVE_ARCH = YES;
				PREBINDING = NO;
				SDKROOT = macosx10.6;
			};
			name = Debug;
		};
		1DEB91DF08733DB10010E9CD /* Release */ = {
			isa = XCBuildConfiguration;
			buildSettings = {
				ARCHS = "$(ARCHS_STANDARD_32_64_BIT)";
				GCC_C_LANGUAGE_STANDARD = gnu99;
				GCC_WARN_ABOUT_RETURN_TYPE = YES;
				GCC_WARN_UNUSED_VARIABLE = YES;
				PREBINDING = NO;
				SDKROOT = macosx10.6;
			};
			name = Release;
		};
/* End XCBuildConfiguration section */

/* Begin XCConfigurationList section */
		1DEB91D908733DB10010E9CD /* Build configuration list for PBXNativeTarget "BCM5722D" */ = {
			isa = XCConfigurationList;
			buildConfigurations = (
				1DEB91DA08733DB10010E9CD /* Debug */,
				1DEB91DB08733DB10010E9CD /* Release */,
			);
			defaultConfigurationIsVisible = 0;
			defaultConfigurationName = Release;
		};
		1DEB91DD08733DB10010E9CD /* Build configuration list for PBXProject "BCM5722D" */ = {
			isa = XCConfigurationList;
			buildConfigurations = (
				1DEB91DE08733DB10010E9CD /* Debug */,
				1DEB91DF08733DB10010E9CD /* Release */,
			);
			defaultConfigurationIsVisible = 0;
			defaultConfigurationName = Release;
		};
/* End XCConfigurationList section */
	};
	rootObject = 089C1669FE841209C02AAC07 /* Project object */;
}
